{
  "object": {
    "pins": [
      {
        "package": "PINCache",
        "repositoryURL": "https://github.com/elisar4/PINCache.git",
        "state": {
          "branch": null,
          "revision": "4e7637223621cad3ac799ceb9112fdc4ead26d58",
          "version": null
        }
      },
      {
        "package": "PINOperation",
        "repositoryURL": "https://github.com/elisar4/PINOperation.git",
        "state": {
          "branch": "supportSPM",
          "revision": "0e4365deb30bcfa763f01c6a740336928f0393d2",
          "version": null
        }
      }
    ]
  },
  "version": 1
}
