// !$*UTF8*$!
{
	archiveVersion = 1;
	classes = {
	};
	objectVersion = 52;
	objects = {

/* Begin PBXBuildFile section */
		E9D3AC6923629C32001BCD64 /* UIKit.framework in Frameworks */ = {isa = PBXBuildFile; fileRef = E9D3AC6823629C32001BCD64 /* UIKit.framework */; platformFilter = ios; };
		E9D3AC6A23629D3F001BCD64 /* UIKit.framework in Frameworks */ = {isa = PBXBuildFile; fileRef = E9D3AC6823629C32001BCD64 /* UIKit.framework */; platformFilter = ios; };
		OBJ_100 /* PINOperationGroup.h in Headers */ = {isa = PBXBuildFile; fileRef = OBJ_64 /* PINOperationGroup.h */; settings = {ATTRIBUTES = (Public, ); }; };
		OBJ_101 /* PINOperationMacros.h in Headers */ = {isa = PBXBuildFile; fileRef = OBJ_65 /* PINOperationMacros.h */; settings = {ATTRIBUTES = (Public, ); }; };
		OBJ_102 /* PINOperationTypes.h in Headers */ = {isa = PBXBuildFile; fileRef = OBJ_66 /* PINOperationTypes.h */; settings = {ATTRIBUTES = (Public, ); }; };
		OBJ_109 /* Package.swift in Sources */ = {isa = PBXBuildFile; fileRef = OBJ_67 /* Package.swift */; };
		OBJ_115 /* PINAnimatedImage.m in Sources */ = {isa = PBXBuildFile; fileRef = OBJ_13 /* PINAnimatedImage.m */; };
		OBJ_116 /* PINAnimatedImageView.m in Sources */ = {isa = PBXBuildFile; fileRef = OBJ_14 /* PINAnimatedImageView.m */; };
		OBJ_117 /* PINCachedAnimatedImage.m in Sources */ = {isa = PBXBuildFile; fileRef = OBJ_15 /* PINCachedAnimatedImage.m */; };
		OBJ_118 /* PINGIFAnimatedImage.m in Sources */ = {isa = PBXBuildFile; fileRef = OBJ_16 /* PINGIFAnimatedImage.m */; };
		OBJ_119 /* PINWebPAnimatedImage.m in Sources */ = {isa = PBXBuildFile; fileRef = OBJ_17 /* PINWebPAnimatedImage.m */; };
		OBJ_120 /* NSData+ImageDetectors.m in Sources */ = {isa = PBXBuildFile; fileRef = OBJ_19 /* NSData+ImageDetectors.m */; };
		OBJ_121 /* NSHTTPURLResponse+MaxAge.m in Sources */ = {isa = PBXBuildFile; fileRef = OBJ_20 /* NSHTTPURLResponse+MaxAge.m */; };
		OBJ_122 /* PINImage+DecodedImage.m in Sources */ = {isa = PBXBuildFile; fileRef = OBJ_21 /* PINImage+DecodedImage.m */; };
		OBJ_123 /* PINImage+ScaledImage.m in Sources */ = {isa = PBXBuildFile; fileRef = OBJ_22 /* PINImage+ScaledImage.m */; };
		OBJ_124 /* PINImage+WebP.m in Sources */ = {isa = PBXBuildFile; fileRef = OBJ_23 /* PINImage+WebP.m */; };
		OBJ_125 /* PINAnimatedImageView+PINRemoteImage.m in Sources */ = {isa = PBXBuildFile; fileRef = OBJ_25 /* PINAnimatedImageView+PINRemoteImage.m */; };
		OBJ_126 /* PINButton+PINRemoteImage.m in Sources */ = {isa = PBXBuildFile; fileRef = OBJ_26 /* PINButton+PINRemoteImage.m */; };
		OBJ_127 /* PINImageView+PINRemoteImage.m in Sources */ = {isa = PBXBuildFile; fileRef = OBJ_27 /* PINImageView+PINRemoteImage.m */; };
		OBJ_128 /* PINAlternateRepresentationProvider.m in Sources */ = {isa = PBXBuildFile; fileRef = OBJ_28 /* PINAlternateRepresentationProvider.m */; };
		OBJ_129 /* PINCache+PINRemoteImageCaching.m in Sources */ = {isa = PBXBuildFile; fileRef = OBJ_30 /* PINCache+PINRemoteImageCaching.m */; };
		OBJ_130 /* PINDisplayLink.m in Sources */ = {isa = PBXBuildFile; fileRef = OBJ_31 /* PINDisplayLink.m */; };
		OBJ_131 /* PINProgressiveImage.m in Sources */ = {isa = PBXBuildFile; fileRef = OBJ_32 /* PINProgressiveImage.m */; };
		OBJ_132 /* PINRemoteImageBasicCache.m in Sources */ = {isa = PBXBuildFile; fileRef = OBJ_33 /* PINRemoteImageBasicCache.m */; };
		OBJ_133 /* PINRemoteImageCallbacks.m in Sources */ = {isa = PBXBuildFile; fileRef = OBJ_34 /* PINRemoteImageCallbacks.m */; };
		OBJ_134 /* PINRemoteImageCategoryManager.m in Sources */ = {isa = PBXBuildFile; fileRef = OBJ_35 /* PINRemoteImageCategoryManager.m */; };
		OBJ_135 /* PINRemoteImageDownloadQueue.m in Sources */ = {isa = PBXBuildFile; fileRef = OBJ_36 /* PINRemoteImageDownloadQueue.m */; };
		OBJ_136 /* PINRemoteImageDownloadTask.m in Sources */ = {isa = PBXBuildFile; fileRef = OBJ_37 /* PINRemoteImageDownloadTask.m */; };
		OBJ_137 /* PINRemoteImageManager.m in Sources */ = {isa = PBXBuildFile; fileRef = OBJ_38 /* PINRemoteImageManager.m */; };
		OBJ_138 /* PINRemoteImageManagerConfiguration.m in Sources */ = {isa = PBXBuildFile; fileRef = OBJ_39 /* PINRemoteImageManagerConfiguration.m */; };
		OBJ_139 /* PINRemoteImageManagerResult.m in Sources */ = {isa = PBXBuildFile; fileRef = OBJ_40 /* PINRemoteImageManagerResult.m */; };
		OBJ_140 /* PINRemoteImageMemoryContainer.m in Sources */ = {isa = PBXBuildFile; fileRef = OBJ_41 /* PINRemoteImageMemoryContainer.m */; };
		OBJ_141 /* PINRemoteImageProcessorTask.m in Sources */ = {isa = PBXBuildFile; fileRef = OBJ_42 /* PINRemoteImageProcessorTask.m */; };
		OBJ_142 /* PINRemoteImageTask.m in Sources */ = {isa = PBXBuildFile; fileRef = OBJ_43 /* PINRemoteImageTask.m */; };
		OBJ_143 /* PINRemoteLock.m in Sources */ = {isa = PBXBuildFile; fileRef = OBJ_44 /* PINRemoteLock.m */; };
		OBJ_144 /* PINRemoteWeakProxy.m in Sources */ = {isa = PBXBuildFile; fileRef = OBJ_45 /* PINRemoteWeakProxy.m */; };
		OBJ_145 /* PINRequestRetryStrategy.m in Sources */ = {isa = PBXBuildFile; fileRef = OBJ_46 /* PINRequestRetryStrategy.m */; };
		OBJ_146 /* PINResume.m in Sources */ = {isa = PBXBuildFile; fileRef = OBJ_47 /* PINResume.m */; };
		OBJ_147 /* PINSpeedRecorder.m in Sources */ = {isa = PBXBuildFile; fileRef = OBJ_48 /* PINSpeedRecorder.m */; };
		OBJ_148 /* PINURLSessionManager.m in Sources */ = {isa = PBXBuildFile; fileRef = OBJ_49 /* PINURLSessionManager.m */; };
		OBJ_150 /* PINCache.framework in Frameworks */ = {isa = PBXBuildFile; fileRef = "PINCache::PINCache::Product" /* PINCache.framework */; };
		OBJ_151 /* PINOperation.framework in Frameworks */ = {isa = PBXBuildFile; fileRef = "PINOperation::PINOperation::Product" /* PINOperation.framework */; };
		OBJ_159 /* Package.swift in Sources */ = {isa = PBXBuildFile; fileRef = OBJ_6 /* Package.swift */; };
		OBJ_78 /* PINCache.m in Sources */ = {isa = PBXBuildFile; fileRef = OBJ_54 /* PINCache.m */; };
		OBJ_79 /* PINDiskCache.m in Sources */ = {isa = PBXBuildFile; fileRef = OBJ_55 /* PINDiskCache.m */; };
		OBJ_80 /* PINMemoryCache.m in Sources */ = {isa = PBXBuildFile; fileRef = OBJ_56 /* PINMemoryCache.m */; };
		OBJ_82 /* PINOperation.framework in Frameworks */ = {isa = PBXBuildFile; fileRef = "PINOperation::PINOperation::Product" /* PINOperation.framework */; };
		OBJ_90 /* Package.swift in Sources */ = {isa = PBXBuildFile; fileRef = OBJ_53 /* Package.swift */; };
		OBJ_95 /* PINOperationGroup.m in Sources */ = {isa = PBXBuildFile; fileRef = OBJ_59 /* PINOperationGroup.m */; };
		OBJ_96 /* PINOperationQueue.m in Sources */ = {isa = PBXBuildFile; fileRef = OBJ_60 /* PINOperationQueue.m */; };
		OBJ_98 /* PINOperationQueue.h in Headers */ = {isa = PBXBuildFile; fileRef = OBJ_62 /* PINOperationQueue.h */; settings = {ATTRIBUTES = (Public, ); }; };
		OBJ_99 /* PINOperation.h in Headers */ = {isa = PBXBuildFile; fileRef = OBJ_63 /* PINOperation.h */; settings = {ATTRIBUTES = (Public, ); }; };
/* End PBXBuildFile section */

/* Begin PBXContainerItemProxy section */
		E9D3AC6423629B28001BCD64 /* PBXContainerItemProxy */ = {
			isa = PBXContainerItemProxy;
			containerPortal = OBJ_1 /* Project object */;
			proxyType = 1;
			remoteGlobalIDString = "PINCache::PINCache";
			remoteInfo = PINCache;
		};
		E9D3AC6523629B28001BCD64 /* PBXContainerItemProxy */ = {
			isa = PBXContainerItemProxy;
			containerPortal = OBJ_1 /* Project object */;
			proxyType = 1;
			remoteGlobalIDString = "PINOperation::PINOperation";
			remoteInfo = PINOperation;
		};
		E9D3AC6623629B28001BCD64 /* PBXContainerItemProxy */ = {
			isa = PBXContainerItemProxy;
			containerPortal = OBJ_1 /* Project object */;
			proxyType = 1;
			remoteGlobalIDString = "PINOperation::PINOperation";
			remoteInfo = PINOperation;
		};
/* End PBXContainerItemProxy section */

/* Begin PBXFileReference section */
		E9D3AC6823629C32001BCD64 /* UIKit.framework */ = {isa = PBXFileReference; lastKnownFileType = wrapper.framework; name = UIKit.framework; path = System/Library/Frameworks/UIKit.framework; sourceTree = SDKROOT; };
		OBJ_10 /* Info.plist */ = {isa = PBXFileReference; lastKnownFileType = text.plist.xml; path = Info.plist; sourceTree = "<group>"; };
		OBJ_13 /* PINAnimatedImage.m */ = {isa = PBXFileReference; lastKnownFileType = sourcecode.c.objc; path = PINAnimatedImage.m; sourceTree = "<group>"; };
		OBJ_14 /* PINAnimatedImageView.m */ = {isa = PBXFileReference; lastKnownFileType = sourcecode.c.objc; path = PINAnimatedImageView.m; sourceTree = "<group>"; };
		OBJ_15 /* PINCachedAnimatedImage.m */ = {isa = PBXFileReference; lastKnownFileType = sourcecode.c.objc; path = PINCachedAnimatedImage.m; sourceTree = "<group>"; };
		OBJ_16 /* PINGIFAnimatedImage.m */ = {isa = PBXFileReference; lastKnownFileType = sourcecode.c.objc; path = PINGIFAnimatedImage.m; sourceTree = "<group>"; };
		OBJ_17 /* PINWebPAnimatedImage.m */ = {isa = PBXFileReference; lastKnownFileType = sourcecode.c.objc; path = PINWebPAnimatedImage.m; sourceTree = "<group>"; };
		OBJ_19 /* NSData+ImageDetectors.m */ = {isa = PBXFileReference; lastKnownFileType = sourcecode.c.objc; path = "NSData+ImageDetectors.m"; sourceTree = "<group>"; };
		OBJ_20 /* NSHTTPURLResponse+MaxAge.m */ = {isa = PBXFileReference; lastKnownFileType = sourcecode.c.objc; path = "NSHTTPURLResponse+MaxAge.m"; sourceTree = "<group>"; };
		OBJ_21 /* PINImage+DecodedImage.m */ = {isa = PBXFileReference; lastKnownFileType = sourcecode.c.objc; path = "PINImage+DecodedImage.m"; sourceTree = "<group>"; };
		OBJ_22 /* PINImage+ScaledImage.m */ = {isa = PBXFileReference; lastKnownFileType = sourcecode.c.objc; path = "PINImage+ScaledImage.m"; sourceTree = "<group>"; };
		OBJ_23 /* PINImage+WebP.m */ = {isa = PBXFileReference; lastKnownFileType = sourcecode.c.objc; path = "PINImage+WebP.m"; sourceTree = "<group>"; };
		OBJ_25 /* PINAnimatedImageView+PINRemoteImage.m */ = {isa = PBXFileReference; lastKnownFileType = sourcecode.c.objc; path = "PINAnimatedImageView+PINRemoteImage.m"; sourceTree = "<group>"; };
		OBJ_26 /* PINButton+PINRemoteImage.m */ = {isa = PBXFileReference; lastKnownFileType = sourcecode.c.objc; path = "PINButton+PINRemoteImage.m"; sourceTree = "<group>"; };
		OBJ_27 /* PINImageView+PINRemoteImage.m */ = {isa = PBXFileReference; lastKnownFileType = sourcecode.c.objc; path = "PINImageView+PINRemoteImage.m"; sourceTree = "<group>"; };
		OBJ_28 /* PINAlternateRepresentationProvider.m */ = {isa = PBXFileReference; lastKnownFileType = sourcecode.c.objc; path = PINAlternateRepresentationProvider.m; sourceTree = "<group>"; };
		OBJ_30 /* PINCache+PINRemoteImageCaching.m */ = {isa = PBXFileReference; lastKnownFileType = sourcecode.c.objc; path = "PINCache+PINRemoteImageCaching.m"; sourceTree = "<group>"; };
		OBJ_31 /* PINDisplayLink.m */ = {isa = PBXFileReference; lastKnownFileType = sourcecode.c.objc; path = PINDisplayLink.m; sourceTree = "<group>"; };
		OBJ_32 /* PINProgressiveImage.m */ = {isa = PBXFileReference; lastKnownFileType = sourcecode.c.objc; path = PINProgressiveImage.m; sourceTree = "<group>"; };
		OBJ_33 /* PINRemoteImageBasicCache.m */ = {isa = PBXFileReference; lastKnownFileType = sourcecode.c.objc; path = PINRemoteImageBasicCache.m; sourceTree = "<group>"; };
		OBJ_34 /* PINRemoteImageCallbacks.m */ = {isa = PBXFileReference; lastKnownFileType = sourcecode.c.objc; path = PINRemoteImageCallbacks.m; sourceTree = "<group>"; };
		OBJ_35 /* PINRemoteImageCategoryManager.m */ = {isa = PBXFileReference; lastKnownFileType = sourcecode.c.objc; path = PINRemoteImageCategoryManager.m; sourceTree = "<group>"; };
		OBJ_36 /* PINRemoteImageDownloadQueue.m */ = {isa = PBXFileReference; lastKnownFileType = sourcecode.c.objc; path = PINRemoteImageDownloadQueue.m; sourceTree = "<group>"; };
		OBJ_37 /* PINRemoteImageDownloadTask.m */ = {isa = PBXFileReference; lastKnownFileType = sourcecode.c.objc; path = PINRemoteImageDownloadTask.m; sourceTree = "<group>"; };
		OBJ_38 /* PINRemoteImageManager.m */ = {isa = PBXFileReference; lastKnownFileType = sourcecode.c.objc; path = PINRemoteImageManager.m; sourceTree = "<group>"; };
		OBJ_39 /* PINRemoteImageManagerConfiguration.m */ = {isa = PBXFileReference; lastKnownFileType = sourcecode.c.objc; path = PINRemoteImageManagerConfiguration.m; sourceTree = "<group>"; };
		OBJ_40 /* PINRemoteImageManagerResult.m */ = {isa = PBXFileReference; lastKnownFileType = sourcecode.c.objc; path = PINRemoteImageManagerResult.m; sourceTree = "<group>"; };
		OBJ_41 /* PINRemoteImageMemoryContainer.m */ = {isa = PBXFileReference; lastKnownFileType = sourcecode.c.objc; path = PINRemoteImageMemoryContainer.m; sourceTree = "<group>"; };
		OBJ_42 /* PINRemoteImageProcessorTask.m */ = {isa = PBXFileReference; lastKnownFileType = sourcecode.c.objc; path = PINRemoteImageProcessorTask.m; sourceTree = "<group>"; };
		OBJ_43 /* PINRemoteImageTask.m */ = {isa = PBXFileReference; lastKnownFileType = sourcecode.c.objc; path = PINRemoteImageTask.m; sourceTree = "<group>"; };
		OBJ_44 /* PINRemoteLock.m */ = {isa = PBXFileReference; lastKnownFileType = sourcecode.c.objc; path = PINRemoteLock.m; sourceTree = "<group>"; };
		OBJ_45 /* PINRemoteWeakProxy.m */ = {isa = PBXFileReference; lastKnownFileType = sourcecode.c.objc; path = PINRemoteWeakProxy.m; sourceTree = "<group>"; };
		OBJ_46 /* PINRequestRetryStrategy.m */ = {isa = PBXFileReference; lastKnownFileType = sourcecode.c.objc; path = PINRequestRetryStrategy.m; sourceTree = "<group>"; };
		OBJ_47 /* PINResume.m */ = {isa = PBXFileReference; lastKnownFileType = sourcecode.c.objc; path = PINResume.m; sourceTree = "<group>"; };
		OBJ_48 /* PINSpeedRecorder.m */ = {isa = PBXFileReference; lastKnownFileType = sourcecode.c.objc; path = PINSpeedRecorder.m; sourceTree = "<group>"; };
		OBJ_49 /* PINURLSessionManager.m */ = {isa = PBXFileReference; lastKnownFileType = sourcecode.c.objc; path = PINURLSessionManager.m; sourceTree = "<group>"; };
		OBJ_53 /* Package.swift */ = {isa = PBXFileReference; explicitFileType = sourcecode.swift; name = Package.swift; path = /Users/elisar4/epicapp/spm/PINRemoteImage/.build/checkouts/PINCache/Package.swift; sourceTree = "<group>"; };
		OBJ_54 /* PINCache.m */ = {isa = PBXFileReference; lastKnownFileType = sourcecode.c.objc; path = PINCache.m; sourceTree = "<group>"; };
		OBJ_55 /* PINDiskCache.m */ = {isa = PBXFileReference; lastKnownFileType = sourcecode.c.objc; path = PINDiskCache.m; sourceTree = "<group>"; };
		OBJ_56 /* PINMemoryCache.m */ = {isa = PBXFileReference; lastKnownFileType = sourcecode.c.objc; path = PINMemoryCache.m; sourceTree = "<group>"; };
		OBJ_59 /* PINOperationGroup.m */ = {isa = PBXFileReference; lastKnownFileType = sourcecode.c.objc; path = PINOperationGroup.m; sourceTree = "<group>"; };
		OBJ_6 /* Package.swift */ = {isa = PBXFileReference; explicitFileType = sourcecode.swift; path = Package.swift; sourceTree = "<group>"; };
		OBJ_60 /* PINOperationQueue.m */ = {isa = PBXFileReference; lastKnownFileType = sourcecode.c.objc; path = PINOperationQueue.m; sourceTree = "<group>"; };
		OBJ_62 /* PINOperationQueue.h */ = {isa = PBXFileReference; lastKnownFileType = sourcecode.c.h; path = PINOperationQueue.h; sourceTree = "<group>"; };
		OBJ_63 /* PINOperation.h */ = {isa = PBXFileReference; lastKnownFileType = sourcecode.c.h; path = PINOperation.h; sourceTree = "<group>"; };
		OBJ_64 /* PINOperationGroup.h */ = {isa = PBXFileReference; lastKnownFileType = sourcecode.c.h; path = PINOperationGroup.h; sourceTree = "<group>"; };
		OBJ_65 /* PINOperationMacros.h */ = {isa = PBXFileReference; lastKnownFileType = sourcecode.c.h; path = PINOperationMacros.h; sourceTree = "<group>"; };
		OBJ_66 /* PINOperationTypes.h */ = {isa = PBXFileReference; lastKnownFileType = sourcecode.c.h; path = PINOperationTypes.h; sourceTree = "<group>"; };
		OBJ_67 /* Package.swift */ = {isa = PBXFileReference; explicitFileType = sourcecode.swift; name = Package.swift; path = /Users/elisar4/epicapp/spm/PINRemoteImage/.build/checkouts/PINOperation/Package.swift; sourceTree = "<group>"; };
		OBJ_72 /* progressive.gif */ = {isa = PBXFileReference; lastKnownFileType = image.gif; path = progressive.gif; sourceTree = "<group>"; };
		OBJ_8 /* PINRemoteImage.modulemap */ = {isa = PBXFileReference; lastKnownFileType = "sourcecode.module-map"; path = PINRemoteImage.modulemap; sourceTree = "<group>"; };
		OBJ_9 /* PINRemoteImage-Prefix.pch */ = {isa = PBXFileReference; lastKnownFileType = sourcecode.c.h; path = "PINRemoteImage-Prefix.pch"; sourceTree = "<group>"; };
		"PINCache::PINCache::Product" /* PINCache.framework */ = {isa = PBXFileReference; lastKnownFileType = wrapper.framework; path = PINCache.framework; sourceTree = BUILT_PRODUCTS_DIR; };
		"PINOperation::PINOperation::Product" /* PINOperation.framework */ = {isa = PBXFileReference; lastKnownFileType = wrapper.framework; path = PINOperation.framework; sourceTree = BUILT_PRODUCTS_DIR; };
		"PINRemoteImage::PINRemoteImage::Product" /* PINRemoteImage.framework */ = {isa = PBXFileReference; lastKnownFileType = wrapper.framework; path = PINRemoteImage.framework; sourceTree = BUILT_PRODUCTS_DIR; };
/* End PBXFileReference section */

/* Begin PBXFrameworksBuildPhase section */
		OBJ_103 /* Frameworks */ = {
			isa = PBXFrameworksBuildPhase;
			buildActionMask = 0;
			files = (
			);
			runOnlyForDeploymentPostprocessing = 0;
		};
		OBJ_149 /* Frameworks */ = {
			isa = PBXFrameworksBuildPhase;
			buildActionMask = 0;
			files = (
				E9D3AC6923629C32001BCD64 /* UIKit.framework in Frameworks */,
				OBJ_150 /* PINCache.framework in Frameworks */,
				OBJ_151 /* PINOperation.framework in Frameworks */,
			);
			runOnlyForDeploymentPostprocessing = 0;
		};
		OBJ_81 /* Frameworks */ = {
			isa = PBXFrameworksBuildPhase;
			buildActionMask = 0;
			files = (
				OBJ_82 /* PINOperation.framework in Frameworks */,
				E9D3AC6A23629D3F001BCD64 /* UIKit.framework in Frameworks */,
			);
			runOnlyForDeploymentPostprocessing = 0;
		};
/* End PBXFrameworksBuildPhase section */

/* Begin PBXGroup section */
		E9D3AC6723629C32001BCD64 /* Frameworks */ = {
			isa = PBXGroup;
			children = (
				E9D3AC6823629C32001BCD64 /* UIKit.framework */,
			);
			name = Frameworks;
			sourceTree = "<group>";
		};
		OBJ_11 /* Classes */ = {
			isa = PBXGroup;
			children = (
				OBJ_12 /* AnimatedImages */,
				OBJ_18 /* Categories */,
				OBJ_24 /* ImageCategories */,
				OBJ_28 /* PINAlternateRepresentationProvider.m */,
				OBJ_29 /* PINCache */,
				OBJ_31 /* PINDisplayLink.m */,
				OBJ_32 /* PINProgressiveImage.m */,
				OBJ_33 /* PINRemoteImageBasicCache.m */,
				OBJ_34 /* PINRemoteImageCallbacks.m */,
				OBJ_35 /* PINRemoteImageCategoryManager.m */,
				OBJ_36 /* PINRemoteImageDownloadQueue.m */,
				OBJ_37 /* PINRemoteImageDownloadTask.m */,
				OBJ_38 /* PINRemoteImageManager.m */,
				OBJ_39 /* PINRemoteImageManagerConfiguration.m */,
				OBJ_40 /* PINRemoteImageManagerResult.m */,
				OBJ_41 /* PINRemoteImageMemoryContainer.m */,
				OBJ_42 /* PINRemoteImageProcessorTask.m */,
				OBJ_43 /* PINRemoteImageTask.m */,
				OBJ_44 /* PINRemoteLock.m */,
				OBJ_45 /* PINRemoteWeakProxy.m */,
				OBJ_46 /* PINRequestRetryStrategy.m */,
				OBJ_47 /* PINResume.m */,
				OBJ_48 /* PINSpeedRecorder.m */,
				OBJ_49 /* PINURLSessionManager.m */,
			);
			path = Classes;
			sourceTree = "<group>";
		};
		OBJ_12 /* AnimatedImages */ = {
			isa = PBXGroup;
			children = (
				OBJ_13 /* PINAnimatedImage.m */,
				OBJ_14 /* PINAnimatedImageView.m */,
				OBJ_15 /* PINCachedAnimatedImage.m */,
				OBJ_16 /* PINGIFAnimatedImage.m */,
				OBJ_17 /* PINWebPAnimatedImage.m */,
			);
			path = AnimatedImages;
			sourceTree = "<group>";
		};
		OBJ_18 /* Categories */ = {
			isa = PBXGroup;
			children = (
				OBJ_19 /* NSData+ImageDetectors.m */,
				OBJ_20 /* NSHTTPURLResponse+MaxAge.m */,
				OBJ_21 /* PINImage+DecodedImage.m */,
				OBJ_22 /* PINImage+ScaledImage.m */,
				OBJ_23 /* PINImage+WebP.m */,
			);
			path = Categories;
			sourceTree = "<group>";
		};
		OBJ_24 /* ImageCategories */ = {
			isa = PBXGroup;
			children = (
				OBJ_25 /* PINAnimatedImageView+PINRemoteImage.m */,
				OBJ_26 /* PINButton+PINRemoteImage.m */,
				OBJ_27 /* PINImageView+PINRemoteImage.m */,
			);
			path = ImageCategories;
			sourceTree = "<group>";
		};
		OBJ_29 /* PINCache */ = {
			isa = PBXGroup;
			children = (
				OBJ_30 /* PINCache+PINRemoteImageCaching.m */,
			);
			path = PINCache;
			sourceTree = "<group>";
		};
		OBJ_5 /*  */ = {
			isa = PBXGroup;
			children = (
				OBJ_6 /* Package.swift */,
				OBJ_7 /* Sources */,
				OBJ_50 /* Tests */,
				OBJ_51 /* Dependencies */,
				OBJ_68 /* Products */,
				OBJ_72 /* progressive.gif */,
				E9D3AC6723629C32001BCD64 /* Frameworks */,
			);
			name = "";
			sourceTree = "<group>";
		};
		OBJ_50 /* Tests */ = {
			isa = PBXGroup;
			children = (
			);
			name = Tests;
			sourceTree = SOURCE_ROOT;
		};
		OBJ_51 /* Dependencies */ = {
			isa = PBXGroup;
			children = (
				OBJ_52 /* PINCache */,
				OBJ_57 /* PINOperation */,
			);
			name = Dependencies;
			sourceTree = "<group>";
		};
		OBJ_52 /* PINCache */ = {
			isa = PBXGroup;
			children = (
				OBJ_53 /* Package.swift */,
				OBJ_54 /* PINCache.m */,
				OBJ_55 /* PINDiskCache.m */,
				OBJ_56 /* PINMemoryCache.m */,
			);
			name = PINCache;
			path = .build/checkouts/PINCache/Source;
			sourceTree = SOURCE_ROOT;
		};
		OBJ_57 /* PINOperation */ = {
			isa = PBXGroup;
			children = (
				OBJ_58 /* PINOperation */,
				OBJ_67 /* Package.swift */,
			);
			name = PINOperation;
			sourceTree = SOURCE_ROOT;
		};
		OBJ_58 /* PINOperation */ = {
			isa = PBXGroup;
			children = (
				OBJ_59 /* PINOperationGroup.m */,
				OBJ_60 /* PINOperationQueue.m */,
				OBJ_61 /* include */,
			);
			name = PINOperation;
			path = .build/checkouts/PINOperation/Sources/PINOperation;
			sourceTree = SOURCE_ROOT;
		};
		OBJ_61 /* include */ = {
			isa = PBXGroup;
			children = (
				OBJ_62 /* PINOperationQueue.h */,
				OBJ_63 /* PINOperation.h */,
				OBJ_64 /* PINOperationGroup.h */,
				OBJ_65 /* PINOperationMacros.h */,
				OBJ_66 /* PINOperationTypes.h */,
			);
			path = include;
			sourceTree = "<group>";
		};
		OBJ_68 /* Products */ = {
			isa = PBXGroup;
			children = (
				"PINRemoteImage::PINRemoteImage::Product" /* PINRemoteImage.framework */,
				"PINOperation::PINOperation::Product" /* PINOperation.framework */,
				"PINCache::PINCache::Product" /* PINCache.framework */,
			);
			name = Products;
			sourceTree = BUILT_PRODUCTS_DIR;
		};
		OBJ_7 /* Sources */ = {
			isa = PBXGroup;
			children = (
				OBJ_8 /* PINRemoteImage.modulemap */,
				OBJ_9 /* PINRemoteImage-Prefix.pch */,
				OBJ_10 /* Info.plist */,
				OBJ_11 /* Classes */,
			);
			name = Sources;
			path = Source;
			sourceTree = SOURCE_ROOT;
		};
/* End PBXGroup section */

/* Begin PBXHeadersBuildPhase section */
		OBJ_97 /* Headers */ = {
			isa = PBXHeadersBuildPhase;
			buildActionMask = 0;
			files = (
				OBJ_98 /* PINOperationQueue.h in Headers */,
				OBJ_99 /* PINOperation.h in Headers */,
				OBJ_100 /* PINOperationGroup.h in Headers */,
				OBJ_101 /* PINOperationMacros.h in Headers */,
				OBJ_102 /* PINOperationTypes.h in Headers */,
			);
			runOnlyForDeploymentPostprocessing = 0;
		};
/* End PBXHeadersBuildPhase section */

/* Begin PBXNativeTarget section */
		"PINCache::PINCache" /* PINCache */ = {
			isa = PBXNativeTarget;
			buildConfigurationList = OBJ_74 /* Build configuration list for PBXNativeTarget "PINCache" */;
			buildPhases = (
				OBJ_77 /* Sources */,
				OBJ_81 /* Frameworks */,
			);
			buildRules = (
			);
			dependencies = (
				OBJ_83 /* PBXTargetDependency */,
			);
			name = PINCache;
			productName = PINCache;
			productReference = "PINCache::PINCache::Product" /* PINCache.framework */;
			productType = "com.apple.product-type.framework";
		};
		"PINCache::SwiftPMPackageDescription" /* PINCachePackageDescription */ = {
			isa = PBXNativeTarget;
			buildConfigurationList = OBJ_86 /* Build configuration list for PBXNativeTarget "PINCachePackageDescription" */;
			buildPhases = (
				OBJ_89 /* Sources */,
			);
			buildRules = (
			);
			dependencies = (
			);
			name = PINCachePackageDescription;
			productName = PINCachePackageDescription;
			productType = "com.apple.product-type.framework";
		};
		"PINOperation::PINOperation" /* PINOperation */ = {
			isa = PBXNativeTarget;
			buildConfigurationList = OBJ_91 /* Build configuration list for PBXNativeTarget "PINOperation" */;
			buildPhases = (
				OBJ_94 /* Sources */,
				OBJ_97 /* Headers */,
				OBJ_103 /* Frameworks */,
			);
			buildRules = (
			);
			dependencies = (
			);
			name = PINOperation;
			productName = PINOperation;
			productReference = "PINOperation::PINOperation::Product" /* PINOperation.framework */;
			productType = "com.apple.product-type.framework";
		};
		"PINOperation::SwiftPMPackageDescription" /* PINOperationPackageDescription */ = {
			isa = PBXNativeTarget;
			buildConfigurationList = OBJ_105 /* Build configuration list for PBXNativeTarget "PINOperationPackageDescription" */;
			buildPhases = (
				OBJ_108 /* Sources */,
			);
			buildRules = (
			);
			dependencies = (
			);
			name = PINOperationPackageDescription;
			productName = PINOperationPackageDescription;
			productType = "com.apple.product-type.framework";
		};
		"PINRemoteImage::PINRemoteImage" /* PINRemoteImage */ = {
			isa = PBXNativeTarget;
			buildConfigurationList = OBJ_111 /* Build configuration list for PBXNativeTarget "PINRemoteImage" */;
			buildPhases = (
				OBJ_114 /* Sources */,
				OBJ_149 /* Frameworks */,
			);
			buildRules = (
			);
			dependencies = (
				OBJ_152 /* PBXTargetDependency */,
				OBJ_153 /* PBXTargetDependency */,
			);
			name = PINRemoteImage;
			productName = PINRemoteImage;
			productReference = "PINRemoteImage::PINRemoteImage::Product" /* PINRemoteImage.framework */;
			productType = "com.apple.product-type.framework";
		};
		"PINRemoteImage::SwiftPMPackageDescription" /* PINRemoteImagePackageDescription */ = {
			isa = PBXNativeTarget;
			buildConfigurationList = OBJ_155 /* Build configuration list for PBXNativeTarget "PINRemoteImagePackageDescription" */;
			buildPhases = (
				OBJ_158 /* Sources */,
			);
			buildRules = (
			);
			dependencies = (
			);
			name = PINRemoteImagePackageDescription;
			productName = PINRemoteImagePackageDescription;
			productType = "com.apple.product-type.framework";
		};
/* End PBXNativeTarget section */

/* Begin PBXProject section */
		OBJ_1 /* Project object */ = {
			isa = PBXProject;
			attributes = {
				LastSwiftMigration = 9999;
				LastUpgradeCheck = 9999;
			};
			buildConfigurationList = OBJ_2 /* Build configuration list for PBXProject "PINRemoteImage" */;
			compatibilityVersion = "Xcode 3.2";
			developmentRegion = en;
			hasScannedForEncodings = 0;
			knownRegions = (
				en,
			);
			mainGroup = OBJ_5 /*  */;
			productRefGroup = OBJ_68 /* Products */;
			projectDirPath = "";
			projectRoot = "";
			targets = (
				"PINCache::PINCache" /* PINCache */,
				"PINCache::SwiftPMPackageDescription" /* PINCachePackageDescription */,
				"PINOperation::PINOperation" /* PINOperation */,
				"PINOperation::SwiftPMPackageDescription" /* PINOperationPackageDescription */,
				"PINRemoteImage::PINRemoteImage" /* PINRemoteImage */,
				"PINRemoteImage::SwiftPMPackageDescription" /* PINRemoteImagePackageDescription */,
			);
		};
/* End PBXProject section */

/* Begin PBXSourcesBuildPhase section */
		OBJ_108 /* Sources */ = {
			isa = PBXSourcesBuildPhase;
			buildActionMask = 0;
			files = (
				OBJ_109 /* Package.swift in Sources */,
			);
			runOnlyForDeploymentPostprocessing = 0;
		};
		OBJ_114 /* Sources */ = {
			isa = PBXSourcesBuildPhase;
			buildActionMask = 0;
			files = (
				OBJ_115 /* PINAnimatedImage.m in Sources */,
				OBJ_116 /* PINAnimatedImageView.m in Sources */,
				OBJ_117 /* PINCachedAnimatedImage.m in Sources */,
				OBJ_118 /* PINGIFAnimatedImage.m in Sources */,
				OBJ_119 /* PINWebPAnimatedImage.m in Sources */,
				OBJ_120 /* NSData+ImageDetectors.m in Sources */,
				OBJ_121 /* NSHTTPURLResponse+MaxAge.m in Sources */,
				OBJ_122 /* PINImage+DecodedImage.m in Sources */,
				OBJ_123 /* PINImage+ScaledImage.m in Sources */,
				OBJ_124 /* PINImage+WebP.m in Sources */,
				OBJ_125 /* PINAnimatedImageView+PINRemoteImage.m in Sources */,
				OBJ_126 /* PINButton+PINRemoteImage.m in Sources */,
				OBJ_127 /* PINImageView+PINRemoteImage.m in Sources */,
				OBJ_128 /* PINAlternateRepresentationProvider.m in Sources */,
				OBJ_129 /* PINCache+PINRemoteImageCaching.m in Sources */,
				OBJ_130 /* PINDisplayLink.m in Sources */,
				OBJ_131 /* PINProgressiveImage.m in Sources */,
				OBJ_132 /* PINRemoteImageBasicCache.m in Sources */,
				OBJ_133 /* PINRemoteImageCallbacks.m in Sources */,
				OBJ_134 /* PINRemoteImageCategoryManager.m in Sources */,
				OBJ_135 /* PINRemoteImageDownloadQueue.m in Sources */,
				OBJ_136 /* PINRemoteImageDownloadTask.m in Sources */,
				OBJ_137 /* PINRemoteImageManager.m in Sources */,
				OBJ_138 /* PINRemoteImageManagerConfiguration.m in Sources */,
				OBJ_139 /* PINRemoteImageManagerResult.m in Sources */,
				OBJ_140 /* PINRemoteImageMemoryContainer.m in Sources */,
				OBJ_141 /* PINRemoteImageProcessorTask.m in Sources */,
				OBJ_142 /* PINRemoteImageTask.m in Sources */,
				OBJ_143 /* PINRemoteLock.m in Sources */,
				OBJ_144 /* PINRemoteWeakProxy.m in Sources */,
				OBJ_145 /* PINRequestRetryStrategy.m in Sources */,
				OBJ_146 /* PINResume.m in Sources */,
				OBJ_147 /* PINSpeedRecorder.m in Sources */,
				OBJ_148 /* PINURLSessionManager.m in Sources */,
			);
			runOnlyForDeploymentPostprocessing = 0;
		};
		OBJ_158 /* Sources */ = {
			isa = PBXSourcesBuildPhase;
			buildActionMask = 0;
			files = (
				OBJ_159 /* Package.swift in Sources */,
			);
			runOnlyForDeploymentPostprocessing = 0;
		};
		OBJ_77 /* Sources */ = {
			isa = PBXSourcesBuildPhase;
			buildActionMask = 0;
			files = (
				OBJ_78 /* PINCache.m in Sources */,
				OBJ_79 /* PINDiskCache.m in Sources */,
				OBJ_80 /* PINMemoryCache.m in Sources */,
			);
			runOnlyForDeploymentPostprocessing = 0;
		};
		OBJ_89 /* Sources */ = {
			isa = PBXSourcesBuildPhase;
			buildActionMask = 0;
			files = (
				OBJ_90 /* Package.swift in Sources */,
			);
			runOnlyForDeploymentPostprocessing = 0;
		};
		OBJ_94 /* Sources */ = {
			isa = PBXSourcesBuildPhase;
			buildActionMask = 0;
			files = (
				OBJ_95 /* PINOperationGroup.m in Sources */,
				OBJ_96 /* PINOperationQueue.m in Sources */,
			);
			runOnlyForDeploymentPostprocessing = 0;
		};
/* End PBXSourcesBuildPhase section */

/* Begin PBXTargetDependency section */
		OBJ_152 /* PBXTargetDependency */ = {
			isa = PBXTargetDependency;
			target = "PINCache::PINCache" /* PINCache */;
			targetProxy = E9D3AC6423629B28001BCD64 /* PBXContainerItemProxy */;
		};
		OBJ_153 /* PBXTargetDependency */ = {
			isa = PBXTargetDependency;
			target = "PINOperation::PINOperation" /* PINOperation */;
			targetProxy = E9D3AC6623629B28001BCD64 /* PBXContainerItemProxy */;
		};
		OBJ_83 /* PBXTargetDependency */ = {
			isa = PBXTargetDependency;
			target = "PINOperation::PINOperation" /* PINOperation */;
			targetProxy = E9D3AC6523629B28001BCD64 /* PBXContainerItemProxy */;
		};
/* End PBXTargetDependency section */

/* Begin XCBuildConfiguration section */
		OBJ_106 /* Debug */ = {
			isa = XCBuildConfiguration;
			buildSettings = {
				LD = /usr/bin/true;
				OTHER_SWIFT_FLAGS = "-swift-version 5 -I $(TOOLCHAIN_DIR)/usr/lib/swift/pm/4_2 -target x86_64-apple-macosx10.10 -sdk /Applications/Xcode.app/Contents/Developer/Platforms/MacOSX.platform/Developer/SDKs/MacOSX10.15.sdk -package-description-version 5";
				SWIFT_VERSION = 5.0;
			};
			name = Debug;
		};
		OBJ_107 /* Release */ = {
			isa = XCBuildConfiguration;
			buildSettings = {
				LD = /usr/bin/true;
				OTHER_SWIFT_FLAGS = "-swift-version 5 -I $(TOOLCHAIN_DIR)/usr/lib/swift/pm/4_2 -target x86_64-apple-macosx10.10 -sdk /Applications/Xcode.app/Contents/Developer/Platforms/MacOSX.platform/Developer/SDKs/MacOSX10.15.sdk -package-description-version 5";
				SWIFT_VERSION = 5.0;
			};
			name = Release;
		};
		OBJ_112 /* Debug */ = {
			isa = XCBuildConfiguration;
			buildSettings = {
				ENABLE_TESTABILITY = YES;
				FRAMEWORK_SEARCH_PATHS = (
					"$(inherited)",
					"$(PLATFORM_DIR)/Developer/Library/Frameworks",
				);
				HEADER_SEARCH_PATHS = (
					"$(inherited)",
					"$(SRCROOT)/Source/include",
					"$(SRCROOT)/.build/checkouts/PINCache/Source/include",
					"$(SRCROOT)/.build/checkouts/PINOperation/Sources/PINOperation/include",
				);
				INFOPLIST_FILE = PINRemoteImage.xcodeproj/PINRemoteImage_Info.plist;
				IPHONEOS_DEPLOYMENT_TARGET = 8.0;
				LD_RUNPATH_SEARCH_PATHS = (
					"$(inherited)",
					"$(TOOLCHAIN_DIR)/usr/lib/swift/macosx",
				);
				MACOSX_DEPLOYMENT_TARGET = 10.10;
				OTHER_CFLAGS = "$(inherited)";
				OTHER_LDFLAGS = "$(inherited)";
				OTHER_SWIFT_FLAGS = "$(inherited)";
				PRODUCT_BUNDLE_IDENTIFIER = PINRemoteImage;
				PRODUCT_MODULE_NAME = "$(TARGET_NAME:c99extidentifier)";
				PRODUCT_NAME = "$(TARGET_NAME:c99extidentifier)";
				SKIP_INSTALL = YES;
				SWIFT_ACTIVE_COMPILATION_CONDITIONS = "$(inherited)";
				TARGET_NAME = PINRemoteImage;
				TVOS_DEPLOYMENT_TARGET = 9.0;
				WATCHOS_DEPLOYMENT_TARGET = 2.0;
			};
			name = Debug;
		};
		OBJ_113 /* Release */ = {
			isa = XCBuildConfiguration;
			buildSettings = {
				ENABLE_TESTABILITY = YES;
				FRAMEWORK_SEARCH_PATHS = (
					"$(inherited)",
					"$(PLATFORM_DIR)/Developer/Library/Frameworks",
				);
				HEADER_SEARCH_PATHS = (
					"$(inherited)",
					"$(SRCROOT)/Source/include",
					"$(SRCROOT)/.build/checkouts/PINCache/Source/include",
					"$(SRCROOT)/.build/checkouts/PINOperation/Sources/PINOperation/include",
				);
				INFOPLIST_FILE = PINRemoteImage.xcodeproj/PINRemoteImage_Info.plist;
				IPHONEOS_DEPLOYMENT_TARGET = 8.0;
				LD_RUNPATH_SEARCH_PATHS = (
					"$(inherited)",
					"$(TOOLCHAIN_DIR)/usr/lib/swift/macosx",
				);
				MACOSX_DEPLOYMENT_TARGET = 10.10;
				OTHER_CFLAGS = "$(inherited)";
				OTHER_LDFLAGS = "$(inherited)";
				OTHER_SWIFT_FLAGS = "$(inherited)";
				PRODUCT_BUNDLE_IDENTIFIER = PINRemoteImage;
				PRODUCT_MODULE_NAME = "$(TARGET_NAME:c99extidentifier)";
				PRODUCT_NAME = "$(TARGET_NAME:c99extidentifier)";
				SKIP_INSTALL = YES;
				SWIFT_ACTIVE_COMPILATION_CONDITIONS = "$(inherited)";
				TARGET_NAME = PINRemoteImage;
				TVOS_DEPLOYMENT_TARGET = 9.0;
				WATCHOS_DEPLOYMENT_TARGET = 2.0;
			};
			name = Release;
		};
		OBJ_156 /* Debug */ = {
			isa = XCBuildConfiguration;
			buildSettings = {
				LD = /usr/bin/true;
				OTHER_SWIFT_FLAGS = "-swift-version 5 -I $(TOOLCHAIN_DIR)/usr/lib/swift/pm/4_2 -target x86_64-apple-macosx10.10 -sdk /Applications/Xcode.app/Contents/Developer/Platforms/MacOSX.platform/Developer/SDKs/MacOSX10.15.sdk -package-description-version 5.1";
				SWIFT_VERSION = 5.0;
			};
			name = Debug;
		};
		OBJ_157 /* Release */ = {
			isa = XCBuildConfiguration;
			buildSettings = {
				LD = /usr/bin/true;
				OTHER_SWIFT_FLAGS = "-swift-version 5 -I $(TOOLCHAIN_DIR)/usr/lib/swift/pm/4_2 -target x86_64-apple-macosx10.10 -sdk /Applications/Xcode.app/Contents/Developer/Platforms/MacOSX.platform/Developer/SDKs/MacOSX10.15.sdk -package-description-version 5.1";
				SWIFT_VERSION = 5.0;
			};
			name = Release;
		};
		OBJ_3 /* Debug */ = {
			isa = XCBuildConfiguration;
			buildSettings = {
				CLANG_ENABLE_OBJC_ARC = YES;
				COMBINE_HIDPI_IMAGES = YES;
				COPY_PHASE_STRIP = NO;
				DEBUG_INFORMATION_FORMAT = dwarf;
				DYLIB_INSTALL_NAME_BASE = "@rpath";
				ENABLE_NS_ASSERTIONS = YES;
				GCC_OPTIMIZATION_LEVEL = 0;
				GCC_PREPROCESSOR_DEFINITIONS = (
					"$(inherited)",
					"SWIFT_PACKAGE=1",
					"DEBUG=1",
				);
				MACOSX_DEPLOYMENT_TARGET = 10.10;
				ONLY_ACTIVE_ARCH = YES;
				OTHER_SWIFT_FLAGS = "$(inherited) -DXcode";
				PRODUCT_NAME = "$(TARGET_NAME)";
				SDKROOT = iphoneos;
				SUPPORTED_PLATFORMS = "macosx iphoneos iphonesimulator appletvos appletvsimulator watchos watchsimulator";
				SWIFT_ACTIVE_COMPILATION_CONDITIONS = "$(inherited) SWIFT_PACKAGE DEBUG";
				SWIFT_OPTIMIZATION_LEVEL = "-Onone";
				USE_HEADERMAP = NO;
			};
			name = Debug;
		};
		OBJ_4 /* Release */ = {
			isa = XCBuildConfiguration;
			buildSettings = {
				CLANG_ENABLE_OBJC_ARC = YES;
				COMBINE_HIDPI_IMAGES = YES;
				COPY_PHASE_STRIP = YES;
				DEBUG_INFORMATION_FORMAT = "dwarf-with-dsym";
				DYLIB_INSTALL_NAME_BASE = "@rpath";
				GCC_OPTIMIZATION_LEVEL = s;
				GCC_PREPROCESSOR_DEFINITIONS = (
					"$(inherited)",
					"SWIFT_PACKAGE=1",
				);
				MACOSX_DEPLOYMENT_TARGET = 10.10;
				OTHER_SWIFT_FLAGS = "$(inherited) -DXcode";
				PRODUCT_NAME = "$(TARGET_NAME)";
				SDKROOT = iphoneos;
				SUPPORTED_PLATFORMS = "macosx iphoneos iphonesimulator appletvos appletvsimulator watchos watchsimulator";
				SWIFT_ACTIVE_COMPILATION_CONDITIONS = "$(inherited) SWIFT_PACKAGE";
				SWIFT_COMPILATION_MODE = wholemodule;
				SWIFT_OPTIMIZATION_LEVEL = "-O";
				USE_HEADERMAP = NO;
			};
			name = Release;
		};
		OBJ_75 /* Debug */ = {
			isa = XCBuildConfiguration;
			buildSettings = {
				ENABLE_TESTABILITY = YES;
				FRAMEWORK_SEARCH_PATHS = (
					"$(inherited)",
					"$(PLATFORM_DIR)/Developer/Library/Frameworks",
				);
				HEADER_SEARCH_PATHS = (
					"$(inherited)",
					"$(SRCROOT)/.build/checkouts/PINCache/Source/include",
					"$(SRCROOT)/.build/checkouts/PINOperation/Sources/PINOperation/include",
				);
				INFOPLIST_FILE = PINRemoteImage.xcodeproj/PINCache_Info.plist;
				IPHONEOS_DEPLOYMENT_TARGET = 8.0;
				LD_RUNPATH_SEARCH_PATHS = (
					"$(inherited)",
					"$(TOOLCHAIN_DIR)/usr/lib/swift/macosx",
				);
				MACOSX_DEPLOYMENT_TARGET = 10.10;
				OTHER_CFLAGS = "$(inherited)";
				OTHER_LDFLAGS = "$(inherited)";
				OTHER_SWIFT_FLAGS = "$(inherited)";
				PRODUCT_BUNDLE_IDENTIFIER = PINCache;
				PRODUCT_MODULE_NAME = "$(TARGET_NAME:c99extidentifier)";
				PRODUCT_NAME = "$(TARGET_NAME:c99extidentifier)";
				SKIP_INSTALL = YES;
				SWIFT_ACTIVE_COMPILATION_CONDITIONS = "$(inherited)";
				TARGET_NAME = PINCache;
				TVOS_DEPLOYMENT_TARGET = 9.0;
				WATCHOS_DEPLOYMENT_TARGET = 2.0;
			};
			name = Debug;
		};
		OBJ_76 /* Release */ = {
			isa = XCBuildConfiguration;
			buildSettings = {
				ENABLE_TESTABILITY = YES;
				FRAMEWORK_SEARCH_PATHS = (
					"$(inherited)",
					"$(PLATFORM_DIR)/Developer/Library/Frameworks",
				);
				HEADER_SEARCH_PATHS = (
					"$(inherited)",
					"$(SRCROOT)/.build/checkouts/PINCache/Source/include",
					"$(SRCROOT)/.build/checkouts/PINOperation/Sources/PINOperation/include",
				);
				INFOPLIST_FILE = PINRemoteImage.xcodeproj/PINCache_Info.plist;
				IPHONEOS_DEPLOYMENT_TARGET = 8.0;
				LD_RUNPATH_SEARCH_PATHS = (
					"$(inherited)",
					"$(TOOLCHAIN_DIR)/usr/lib/swift/macosx",
				);
				MACOSX_DEPLOYMENT_TARGET = 10.10;
				OTHER_CFLAGS = "$(inherited)";
				OTHER_LDFLAGS = "$(inherited)";
				OTHER_SWIFT_FLAGS = "$(inherited)";
				PRODUCT_BUNDLE_IDENTIFIER = PINCache;
				PRODUCT_MODULE_NAME = "$(TARGET_NAME:c99extidentifier)";
				PRODUCT_NAME = "$(TARGET_NAME:c99extidentifier)";
				SKIP_INSTALL = YES;
				SWIFT_ACTIVE_COMPILATION_CONDITIONS = "$(inherited)";
				TARGET_NAME = PINCache;
				TVOS_DEPLOYMENT_TARGET = 9.0;
				WATCHOS_DEPLOYMENT_TARGET = 2.0;
			};
			name = Release;
		};
		OBJ_87 /* Debug */ = {
			isa = XCBuildConfiguration;
			buildSettings = {
				LD = /usr/bin/true;
				OTHER_SWIFT_FLAGS = "-swift-version 5 -I $(TOOLCHAIN_DIR)/usr/lib/swift/pm/4_2 -target x86_64-apple-macosx10.10 -sdk /Applications/Xcode.app/Contents/Developer/Platforms/MacOSX.platform/Developer/SDKs/MacOSX10.15.sdk -package-description-version 5.1";
				SWIFT_VERSION = 5.0;
			};
			name = Debug;
		};
		OBJ_88 /* Release */ = {
			isa = XCBuildConfiguration;
			buildSettings = {
				LD = /usr/bin/true;
				OTHER_SWIFT_FLAGS = "-swift-version 5 -I $(TOOLCHAIN_DIR)/usr/lib/swift/pm/4_2 -target x86_64-apple-macosx10.10 -sdk /Applications/Xcode.app/Contents/Developer/Platforms/MacOSX.platform/Developer/SDKs/MacOSX10.15.sdk -package-description-version 5.1";
				SWIFT_VERSION = 5.0;
			};
			name = Release;
		};
		OBJ_92 /* Debug */ = {
			isa = XCBuildConfiguration;
			buildSettings = {
				CLANG_ENABLE_MODULES = YES;
				DEFINES_MODULE = YES;
				ENABLE_TESTABILITY = YES;
				FRAMEWORK_SEARCH_PATHS = (
					"$(inherited)",
					"$(PLATFORM_DIR)/Developer/Library/Frameworks",
				);
				HEADER_SEARCH_PATHS = (
					"$(inherited)",
					"$(SRCROOT)/.build/checkouts/PINOperation/Sources/PINOperation/include",
				);
				INFOPLIST_FILE = PINRemoteImage.xcodeproj/PINOperation_Info.plist;
				IPHONEOS_DEPLOYMENT_TARGET = 8.0;
				LD_RUNPATH_SEARCH_PATHS = (
					"$(inherited)",
					"$(TOOLCHAIN_DIR)/usr/lib/swift/macosx",
				);
				MACOSX_DEPLOYMENT_TARGET = 10.10;
				OTHER_CFLAGS = "$(inherited)";
				OTHER_LDFLAGS = "$(inherited)";
				OTHER_SWIFT_FLAGS = "$(inherited)";
				PRODUCT_BUNDLE_IDENTIFIER = PINOperation;
				PRODUCT_MODULE_NAME = "$(TARGET_NAME:c99extidentifier)";
				PRODUCT_NAME = "$(TARGET_NAME:c99extidentifier)";
				SKIP_INSTALL = YES;
				SWIFT_ACTIVE_COMPILATION_CONDITIONS = "$(inherited)";
				TARGET_NAME = PINOperation;
				TVOS_DEPLOYMENT_TARGET = 9.0;
				WATCHOS_DEPLOYMENT_TARGET = 2.0;
			};
			name = Debug;
		};
		OBJ_93 /* Release */ = {
			isa = XCBuildConfiguration;
			buildSettings = {
				CLANG_ENABLE_MODULES = YES;
				DEFINES_MODULE = YES;
				ENABLE_TESTABILITY = YES;
				FRAMEWORK_SEARCH_PATHS = (
					"$(inherited)",
					"$(PLATFORM_DIR)/Developer/Library/Frameworks",
				);
				HEADER_SEARCH_PATHS = (
					"$(inherited)",
					"$(SRCROOT)/.build/checkouts/PINOperation/Sources/PINOperation/include",
				);
				INFOPLIST_FILE = PINRemoteImage.xcodeproj/PINOperation_Info.plist;
				IPHONEOS_DEPLOYMENT_TARGET = 8.0;
				LD_RUNPATH_SEARCH_PATHS = (
					"$(inherited)",
					"$(TOOLCHAIN_DIR)/usr/lib/swift/macosx",
				);
				MACOSX_DEPLOYMENT_TARGET = 10.10;
				OTHER_CFLAGS = "$(inherited)";
				OTHER_LDFLAGS = "$(inherited)";
				OTHER_SWIFT_FLAGS = "$(inherited)";
				PRODUCT_BUNDLE_IDENTIFIER = PINOperation;
				PRODUCT_MODULE_NAME = "$(TARGET_NAME:c99extidentifier)";
				PRODUCT_NAME = "$(TARGET_NAME:c99extidentifier)";
				SKIP_INSTALL = YES;
				SWIFT_ACTIVE_COMPILATION_CONDITIONS = "$(inherited)";
				TARGET_NAME = PINOperation;
				TVOS_DEPLOYMENT_TARGET = 9.0;
				WATCHOS_DEPLOYMENT_TARGET = 2.0;
			};
			name = Release;
		};
/* End XCBuildConfiguration section */

/* Begin XCConfigurationList section */
		OBJ_105 /* Build configuration list for PBXNativeTarget "PINOperationPackageDescription" */ = {
			isa = XCConfigurationList;
			buildConfigurations = (
				OBJ_106 /* Debug */,
				OBJ_107 /* Release */,
			);
			defaultConfigurationIsVisible = 0;
			defaultConfigurationName = Release;
		};
		OBJ_111 /* Build configuration list for PBXNativeTarget "PINRemoteImage" */ = {
			isa = XCConfigurationList;
			buildConfigurations = (
				OBJ_112 /* Debug */,
				OBJ_113 /* Release */,
			);
			defaultConfigurationIsVisible = 0;
			defaultConfigurationName = Release;
		};
		OBJ_155 /* Build configuration list for PBXNativeTarget "PINRemoteImagePackageDescription" */ = {
			isa = XCConfigurationList;
			buildConfigurations = (
				OBJ_156 /* Debug */,
				OBJ_157 /* Release */,
			);
			defaultConfigurationIsVisible = 0;
			defaultConfigurationName = Release;
		};
		OBJ_2 /* Build configuration list for PBXProject "PINRemoteImage" */ = {
			isa = XCConfigurationList;
			buildConfigurations = (
				OBJ_3 /* Debug */,
				OBJ_4 /* Release */,
			);
			defaultConfigurationIsVisible = 0;
			defaultConfigurationName = Release;
		};
		OBJ_74 /* Build configuration list for PBXNativeTarget "PINCache" */ = {
			isa = XCConfigurationList;
			buildConfigurations = (
				OBJ_75 /* Debug */,
				OBJ_76 /* Release */,
			);
			defaultConfigurationIsVisible = 0;
			defaultConfigurationName = Release;
		};
		OBJ_86 /* Build configuration list for PBXNativeTarget "PINCachePackageDescription" */ = {
			isa = XCConfigurationList;
			buildConfigurations = (
				OBJ_87 /* Debug */,
				OBJ_88 /* Release */,
			);
			defaultConfigurationIsVisible = 0;
			defaultConfigurationName = Release;
		};
		OBJ_91 /* Build configuration list for PBXNativeTarget "PINOperation" */ = {
			isa = XCConfigurationList;
			buildConfigurations = (
				OBJ_92 /* Debug */,
				OBJ_93 /* Release */,
			);
			defaultConfigurationIsVisible = 0;
			defaultConfigurationName = Release;
		};
/* End XCConfigurationList section */
	};
	rootObject = OBJ_1 /* Project object */;
}
